
Microsoft Visual Studio Solution File, Format Version 12.00
# Visual Studio Version 17
VisualStudioVersion = 17.4.33213.308
MinimumVisualStudioVersion = 10.0.40219.1
Project("{FAE04EC0-301F-11D3-BF4B-00C04F79EFBC}") = "ConsoleAppEgor6110", "ConsoleAppEgor6110\ConsoleAppEgor6110.csproj", "{53FF995B-638C-40C3-B1F0-D579A4E2B33E}"
EndProject
Global
	GlobalSection(SolutionConfigurationPlatforms) = preSolution
		Debug|Any CPU = Debug|Any CPU
		Release|Any CPU = Release|Any CPU
	EndGlobalSection
	GlobalSection(ProjectConfigurationPlatforms) = postSolution
		{53FF995B-638C-40C3-B1F0-D579A4E2B33E}.Debug|Any CPU.ActiveCfg = Debug|Any CPU
		{53FF995B-638C-40C3-B1F0-D579A4E2B33E}.Debug|Any CPU.Build.0 = Debug|Any CPU
		{53FF995B-638C-40C3-B1F0-D579A4E2B33E}.Release|Any CPU.ActiveCfg = Release|Any CPU
		{53FF995B-638C-40C3-B1F0-D579A4E2B33E}.Release|Any CPU.Build.0 = Release|Any CPU
	EndGlobalSection
	GlobalSection(SolutionProperties) = preSolution
		HideSolutionNode = FALSE
	EndGlobalSection
	GlobalSection(ExtensibilityGlobals) = postSolution
		SolutionGuid = {93C9F166-B5A6-4F22-B0BB-A3F283F34C2B}
	EndGlobalSection
EndGlobal
